{
  "name": "chouse-orm",
  "version": "1.0.7",
  "lockfileVersion": 3,
  "requires": true,
  "packages": {
    "": {
      "name": "chouse-orm",
      "version": "1.0.7",
      "license": "MIT",
      "dependencies": {
        "@clickhouse/client": "^0.2.5",
        "chouse-orm": "^1.0.0"
      },
      "engines": {
        "node": ">=14.0.0"
      }
    },
    "node_modules/@clickhouse/client": {
      "version": "0.2.10",
      "resolved": "https://registry.npmjs.org/@clickhouse/client/-/client-0.2.10.tgz",
      "integrity": "sha512-ZwBgzjEAFN/ogS0ym5KHVbR7Hx/oYCX01qGp2baEyfN2HM73kf/7Vp3GvMHWRy+zUXISONEtFv7UTViOXnmFrg==",
      "license": "Apache-2.0",
      "dependencies": {
        "@clickhouse/client-common": "0.2.10"
      },
      "engines": {
        "node": ">=16"
      }
    },
    "node_modules/@clickhouse/client-common": {
      "version": "0.2.10",
      "resolved": "https://registry.npmjs.org/@clickhouse/client-common/-/client-common-0.2.10.tgz",
      "integrity": "sha512-BvTY0IXS96y9RUeNCpKL4HUzHmY80L0lDcGN0lmUD6zjOqYMn78+xyHYJ/AIAX7JQsc+/KwFt2soZutQTKxoGQ==",
      "license": "Apache-2.0"
    },
    "node_modules/chouse-orm": {
      "version": "1.0.0",
      "resolved": "https://registry.npmjs.org/chouse-orm/-/chouse-orm-1.0.0.tgz",
      "integrity": "sha512-LQ44jWp11qpvk8rGMJfjn9esE4jcgbjSXh9a0SDtsEPR16EcmsQ5BfXdmGT3z7h7X2vlb1E7mWFSvbb7Qd2EyA==",
      "license": "MIT",
      "dependencies": {
        "@clickhouse/client": "^0.2.5"
      },
      "engines": {
        "node": ">=14.0.0"
      }
    }
  }
}
